#MicroXplorer Configuration settings - do not modify
Mcu.Family=STM32H7
RCC.DIVQ2Freq_Value=129000000
ProjectManager.MainLocation=Core/Src
PB13.GPIOParameters=GPIO_Speed,PinState,GPIO_PuPd,GPIO_Label,GPIO_ModeDefaultOutputPP
RCC.SAI1Freq_Value=48000000
RCC.CortexFreq_Value=480000000
ProjectManager.KeepUserCode=true
Mcu.UserName=STM32H750VBTx
RCC.HPRE=RCC_HCLK_DIV2
PB14.GPIO_Label=LCD_SDA
RCC.PLLFRACN=0
ProjectManager.functionlistsort=1-MX_GPIO_Init-GPIO-false-LL-true,2-SystemClock_Config-RCC-false-LL-false,0-MX_CORTEX_M7_Init-CORTEX_M7-false-LL-true
RCC.RTCFreq_Value=32000
PB0.GPIO_Label=LCD_LED
RCC.PLL2FRACN=0
RCC.CpuClockFreq_Value=480000000
RCC.VCO2OutputFreq_Value=258000000
PB13.GPIO_Label=LCD_RST
PB13.Signal=GPIO_Output
PB15.Signal=GPIO_Output
PB15.PinState=GPIO_PIN_RESET
PinOutPanel.RotationAngle=0
RCC.MCO1PinFreq_Value=64000000
RCC.SYSCLKSource=RCC_SYSCLKSOURCE_PLLCLK
ProjectManager.StackSize=0x400
RCC.AHB4Freq_Value=240000000
RCC.VCOInput3Freq_Value=2000000
RCC.LPTIM1Freq_Value=120000000
Mcu.IP4=SYS
Mcu.IP2=NVIC
NVIC.SVCall_IRQn=true\:0\:0\:false\:false\:true\:false\:false
Mcu.IP3=RCC
Mcu.IP0=CORTEX_M7
PA14\ (JTCK/SWCLK).Signal=DEBUG_JTCK-SWCLK
Mcu.IP1=DEBUG
Mcu.UserConstants=
RCC.DIVP3Freq_Value=129000000
RCC.SDMMCFreq_Value=48000000
PB0.PinState=GPIO_PIN_RESET
Mcu.ThirdPartyNb=0
PB1.GPIO_PuPd=GPIO_NOPULL
RCC.HCLKFreq_Value=240000000
RCC.I2C4Freq_Value=120000000
Mcu.IPNb=5
ProjectManager.PreviousToolchain=STM32CubeIDE
RCC.SPDIFRXFreq_Value=48000000
PB13.GPIO_ModeDefaultOutputPP=GPIO_MODE_OUTPUT_PP
PB12.PinState=GPIO_PIN_RESET
RCC.DIVQ3Freq_Value=129000000
PB15.GPIO_ModeDefaultOutputPP=GPIO_MODE_OUTPUT_PP
Mcu.Pin6=PB15
Mcu.Pin7=PA13 (JTMS/SWDIO)
Mcu.Pin8=PA14 (JTCK/SWCLK)
Mcu.Pin9=VP_SYS_VS_Systick
PA1.GPIO_PuPd=GPIO_NOPULL
PB13.Locked=true
Mcu.Pin0=PA1
Mcu.Pin1=PB0
Mcu.Pin2=PB1
RCC.HRTIMFreq_Value=240000000
Mcu.Pin3=PB12
Mcu.Pin4=PB13
Mcu.Pin5=PB14
ProjectManager.ProjectBuild=false
RCC.DIVR3Freq_Value=129000000
RCC.HSE_VALUE=8000000
NVIC.UsageFault_IRQn=true\:0\:0\:false\:false\:true\:false\:false
NVIC.DebugMonitor_IRQn=true\:0\:0\:false\:false\:true\:false\:false
PB12.GPIO_ModeDefaultOutputPP=GPIO_MODE_OUTPUT_PP
RCC.DIVM1=4
NVIC.SysTick_IRQn=true\:0\:0\:false\:false\:true\:false\:true
PB12.GPIO_Label=LCD_DC
ProjectManager.FirmwarePackage=STM32Cube FW_H7 V1.8.0
MxDb.Version=DB.6.0.10
PB0.GPIOParameters=GPIO_Speed,PinState,GPIO_PuPd,GPIO_Label,GPIO_ModeDefaultOutputPP
RCC.DIVP1Freq_Value=480000000
PA1.GPIOParameters=GPIO_Speed,PinState,GPIO_PuPd,GPIO_Label,GPIO_ModeDefaultOutputPP
ProjectManager.BackupPrevious=false
RCC.FMCFreq_Value=240000000
PB1.GPIO_Speed=GPIO_SPEED_FREQ_VERY_HIGH
PB1.GPIO_Label=LCD_SCK
RCC.USART16Freq_Value=120000000
File.Version=6
PA14\ (JTCK/SWCLK).Mode=Serial_Wire
NVIC.PendSV_IRQn=true\:0\:0\:false\:false\:true\:false\:false
RCC.DIVR2Freq_Value=129000000
ProjectManager.HalAssertFull=false
PB0.Locked=true
RCC.DIVP2Freq_Value=129000000
ProjectManager.ProjectName=H750
RCC.APB3Freq_Value=120000000
PB1.PinState=GPIO_PIN_RESET
RCC.MCO2PinFreq_Value=480000000
Mcu.Package=LQFP100
PB1.Signal=GPIO_Output
PB14.GPIO_PuPd=GPIO_NOPULL
RCC.D1PPRE=RCC_APB3_DIV2
PB15.GPIO_PuPd=GPIO_NOPULL
ProjectManager.ToolChainLocation=
VP_SYS_VS_Systick.Signal=SYS_VS_Systick
RCC.DFSDMFreq_Value=120000000
RCC.DIVR1Freq_Value=60000000
PA1.PinState=GPIO_PIN_RESET
PB14.GPIOParameters=GPIO_Speed,PinState,GPIO_PuPd,GPIO_Label,GPIO_ModeDefaultOutputPP
RCC.TraceFreq_Value=60000000
RCC.APB4Freq_Value=120000000
RCC.CECFreq_Value=32000
RCC.SAI23Freq_Value=48000000
NVIC.BusFault_IRQn=true\:0\:0\:false\:false\:true\:false\:false
RCC.LPUART1Freq_Value=120000000
PB0.GPIO_ModeDefaultOutputPP=GPIO_MODE_OUTPUT_PP
ProjectManager.CustomerFirmwarePackage=
RCC.Tim2OutputFreq_Value=240000000
RCC.DFSDMACLkFreq_Value=48000000
PB15.Locked=true
RCC.VCO3OutputFreq_Value=258000000
ProjectManager.ProjectFileName=H750.ioc
RCC.DIVQ1=20
PA13\ (JTMS/SWDIO).Mode=Serial_Wire
Mcu.PinsNb=10
ProjectManager.NoMain=false
RCC.SWPMI1Freq_Value=120000000
RCC.SAI4BFreq_Value=48000000
RCC.D2PPRE2=RCC_APB2_DIV2
RCC.D2PPRE1=RCC_APB1_DIV2
ProjectManager.DefaultFWLocation=true
PB12.Locked=true
ProjectManager.DeletePrevious=true
PB14.Locked=true
RCC.QSPIFreq_Value=240000000
RCC.FamilyName=M
PB0.GPIO_Speed=GPIO_SPEED_FREQ_VERY_HIGH
RCC.SPI6Freq_Value=120000000
RCC.D1CPREFreq_Value=480000000
RCC.USART234578Freq_Value=120000000
RCC.SPI45Freq_Value=120000000
RCC.Tim1OutputFreq_Value=240000000
PB14.PinState=GPIO_PIN_RESET
RCC.SPI123Freq_Value=48000000
ProjectManager.TargetToolchain=Makefile
PB14.GPIO_Speed=GPIO_SPEED_FREQ_VERY_HIGH
RCC.VCO1OutputFreq_Value=960000000
RCC.AXIClockFreq_Value=240000000
RCC.DIVN1=60
PB13.GPIO_Speed=GPIO_SPEED_FREQ_VERY_HIGH
ProjectManager.RegisterCallBack=
RCC.USBFreq_Value=48000000
PB14.GPIO_ModeDefaultOutputPP=GPIO_MODE_OUTPUT_PP
PA1.Signal=GPIO_Output
RCC.CKPERFreq_Value=64000000
PB12.GPIO_Speed=GPIO_SPEED_FREQ_VERY_HIGH
PB1.Locked=true
PB14.Signal=GPIO_Output
board=custom
ProjectManager.LastFirmware=true
PB13.GPIO_PuPd=GPIO_NOPULL
RCC.VCOInput1Freq_Value=16000000
RCC.AHB12Freq_Value=240000000
RCC.APB2Freq_Value=120000000
PB13.PinState=GPIO_PIN_RESET
MxCube.Version=6.1.1
PB15.GPIO_Label=LCD_CS
RCC.FDCANFreq_Value=48000000
PA1.GPIO_Speed=GPIO_SPEED_FREQ_VERY_HIGH
PB15.GPIO_Speed=GPIO_SPEED_FREQ_VERY_HIGH
RCC.RNGFreq_Value=48000000
RCC.ADCFreq_Value=129000000
PA1.GPIO_Label=LED1
VP_SYS_VS_Systick.Mode=SysTick
NVIC.NonMaskableInt_IRQn=true\:0\:0\:false\:false\:true\:false\:false
PB15.GPIOParameters=GPIO_Speed,PinState,GPIO_PuPd,GPIO_Label,GPIO_ModeDefaultOutputPP
ProjectManager.FreePins=false
RCC.IPParameters=ADCFreq_Value,AHB12Freq_Value,AHB4Freq_Value,APB1Freq_Value,APB2Freq_Value,APB3Freq_Value,APB4Freq_Value,AXIClockFreq_Value,CECFreq_Value,CKPERFreq_Value,CortexFreq_Value,CpuClockFreq_Value,D1CPREFreq_Value,D1PPRE,D2PPRE1,D2PPRE2,D3PPRE,DFSDMACLkFreq_Value,DFSDMFreq_Value,DIVM1,DIVN1,DIVP1Freq_Value,DIVP2Freq_Value,DIVP3Freq_Value,DIVQ1,DIVQ1Freq_Value,DIVQ2Freq_Value,DIVQ3Freq_Value,DIVR1,DIVR1Freq_Value,DIVR2Freq_Value,DIVR3Freq_Value,FDCANFreq_Value,FMCFreq_Value,FamilyName,HCLK3ClockFreq_Value,HCLKFreq_Value,HPRE,HRTIMFreq_Value,HSE_VALUE,I2C123Freq_Value,I2C4Freq_Value,LPTIM1Freq_Value,LPTIM2Freq_Value,LPTIM345Freq_Value,LPUART1Freq_Value,LTDCFreq_Value,MCO1PinFreq_Value,MCO2PinFreq_Value,PLL2FRACN,PLLFRACN,QSPIFreq_Value,RNGFreq_Value,RTCFreq_Value,SAI1Freq_Value,SAI23Freq_Value,SAI4AFreq_Value,SAI4BFreq_Value,SDMMCFreq_Value,SPDIFRXFreq_Value,SPI123Freq_Value,SPI45Freq_Value,SPI6Freq_Value,SWPMI1Freq_Value,SYSCLKFreq_VALUE,SYSCLKSource,Tim1OutputFreq_Value,Tim2OutputFreq_Value,TraceFreq_Value,USART16Freq_Value,USART234578Freq_Value,USBFreq_Value,VCO1OutputFreq_Value,VCO2OutputFreq_Value,VCO3OutputFreq_Value,VCOInput1Freq_Value,VCOInput2Freq_Value,VCOInput3Freq_Value
ProjectManager.AskForMigrate=true
Mcu.Name=STM32H750VBTx
RCC.LPTIM2Freq_Value=120000000
ProjectManager.UnderRoot=false
ProjectManager.CoupleFile=true
RCC.SYSCLKFreq_VALUE=480000000
RCC.I2C123Freq_Value=120000000
PA1.Locked=true
NVIC.ForceEnableDMAVector=true
KeepUserPlacement=false
NVIC.MemoryManagement_IRQn=true\:0\:0\:false\:false\:true\:false\:false
ProjectManager.CompilerOptimize=6
ProjectManager.HeapSize=0x200
NVIC.HardFault_IRQn=true\:0\:0\:false\:false\:true\:false\:false
RCC.LPTIM345Freq_Value=120000000
ProjectManager.ComputerToolchain=false
RCC.LTDCFreq_Value=129000000
RCC.SAI4AFreq_Value=48000000
NVIC.PriorityGroup=NVIC_PRIORITYGROUP_4
RCC.DIVQ1Freq_Value=48000000
RCC.D3PPRE=RCC_APB4_DIV2
PB1.GPIO_ModeDefaultOutputPP=GPIO_MODE_OUTPUT_PP
RCC.HCLK3ClockFreq_Value=240000000
PB12.GPIO_PuPd=GPIO_NOPULL
RCC.VCOInput2Freq_Value=2000000
RCC.APB1Freq_Value=120000000
RCC.DIVR1=16
PB0.Signal=GPIO_Output
ProjectManager.DeviceId=STM32H750VBTx
PB12.GPIOParameters=GPIO_Speed,PinState,GPIO_PuPd,GPIO_Label,GPIO_ModeDefaultOutputPP
PB12.Signal=GPIO_Output
ProjectManager.LibraryCopy=1
PB0.GPIO_PuPd=GPIO_NOPULL
PA13\ (JTMS/SWDIO).Signal=DEBUG_JTMS-SWDIO
PB1.GPIOParameters=GPIO_Speed,PinState,GPIO_PuPd,GPIO_Label,GPIO_ModeDefaultOutputPP
PA1.GPIO_ModeDefaultOutputPP=GPIO_MODE_OUTPUT_PP
