#MicroXplorer Configuration settings - do not modify
Mcu.Family=STM32F1
PB7.GPIO_PuPd=GPIO_NOPULL
RCC.PLLSourceVirtual=RCC_PLLSOURCE_HSE
PB5.GPIO_ModeDefaultOutputPP=GPIO_MODE_OUTPUT_PP
ProjectManager.MainLocation=Core/Src
RCC.MCOFreq_Value=72000000
ProjectManager.ProjectFileName=stm32f103-lcd-adc.ioc
PB8.GPIOParameters=GPIO_Speed,PinState,GPIO_PuPd,GPIO_Label,GPIO_ModeDefaultOutputPP
ADC1.Rank-0\#ChannelRegularConversion=1
PD1-OSC_OUT.Mode=HSE-External-Oscillator
PB9.GPIO_Label=LCD_CS
ProjectManager.KeepUserCode=true
Mcu.UserName=STM32F103C8Tx
Mcu.PinsNb=16
VP_ADC1_TempSens_Input.Mode=IN-TempSens
ProjectManager.NoMain=false
ADC1.IPParameters=Rank-0\#ChannelRegularConversion,master,Channel-0\#ChannelRegularConversion,SamplingTime-0\#ChannelRegularConversion,NbrOfConversionFlag
RCC.PLLCLKFreq_Value=72000000
PC13-TAMPER-RTC.GPIOParameters=GPIO_Speed,PinState,GPIO_PuPd,GPIO_Label,GPIO_ModeDefaultOutputPP
PB6.GPIO_PuPd=GPIO_NOPULL
ProjectManager.functionlistsort=1-MX_GPIO_Init-GPIO-false-LL-true,2-SystemClock_Config-RCC-false-LL-true,3-MX_ADC1_Init-ADC1-false-LL-true
PB8.GPIO_PuPd=GPIO_NOPULL
PB9.GPIO_ModeDefaultOutputPP=GPIO_MODE_OUTPUT_PP
PC13-TAMPER-RTC.Signal=GPIO_Output
RCC.ADCFreqValue=12000000
ProjectManager.DefaultFWLocation=true
PB0.GPIO_Label=PWMVGND
PB6.GPIO_Label=LCD_SDA
PD0-OSC_IN.Signal=RCC_OSC_IN
ProjectManager.DeletePrevious=true
RCC.APB1CLKDivider=RCC_HCLK_DIV2
PC14-OSC32_IN.Signal=GPIO_Output
PinOutPanel.RotationAngle=0
RCC.FamilyName=M
RCC.SYSCLKSource=RCC_SYSCLKSOURCE_PLLCLK
ProjectManager.StackSize=0x800
PB5.GPIOParameters=GPIO_Speed,PinState,GPIO_PuPd,GPIO_Label,GPIO_ModeDefaultOutputPP
PD1-OSC_OUT.Signal=RCC_OSC_OUT
PB9.GPIOParameters=GPIO_Speed,PinState,GPIO_PuPd,GPIO_Label,GPIO_ModeDefaultOutputPP
RCC.ADCPresc=RCC_ADCPCLK2_DIV6
PA13.Signal=SYS_JTMS-SWDIO
RCC.FCLKCortexFreq_Value=72000000
NVIC.SVCall_IRQn=true\:0\:0\:false\:false\:true\:true\:false
Mcu.IP2=RCC
PB8.GPIO_Label=LCD_RST
Mcu.IP3=SYS
PB4.GPIOParameters=GPIO_Speed,PinState,GPIO_PuPd,GPIO_Label,GPIO_ModeDefaultOutputPP
Mcu.IP0=ADC1
Mcu.IP1=NVIC
Mcu.UserConstants=
ProjectManager.TargetToolchain=Makefile
Mcu.ThirdPartyNb=0
PB7.GPIOParameters=GPIO_Speed,PinState,GPIO_PuPd,GPIO_Label,GPIO_ModeDefaultOutputPP
RCC.HCLKFreq_Value=72000000
Mcu.IPNb=4
ProjectManager.PreviousToolchain=
RCC.APB2TimFreq_Value=72000000
PB6.Signal=GPIO_Output
PB5.PinState=GPIO_PIN_RESET
PB5.Locked=true
PB9.Locked=true
Mcu.Pin6=PA13
Mcu.Pin7=PA14
PB4.GPIO_PuPd=GPIO_NOPULL
ProjectManager.RegisterCallBack=
PC13-TAMPER-RTC.Locked=true
Mcu.Pin8=PB4
RCC.USBFreq_Value=72000000
Mcu.Pin9=PB5
RCC.AHBFreq_Value=72000000
Mcu.Pin0=PC13-TAMPER-RTC
PB1.Locked=true
Mcu.Pin1=PC14-OSC32_IN
PD0-OSC_IN.Mode=HSE-External-Oscillator
Mcu.Pin2=PD0-OSC_IN
Mcu.Pin3=PD1-OSC_OUT
Mcu.Pin4=PB0
Mcu.Pin5=PB1
ADC1.Channel-0\#ChannelRegularConversion=ADC_CHANNEL_TEMPSENSOR
ProjectManager.ProjectBuild=false
NVIC.UsageFault_IRQn=true\:0\:0\:false\:false\:true\:true\:false
NVIC.DebugMonitor_IRQn=true\:0\:0\:false\:false\:true\:true\:false
board=custom
NVIC.SysTick_IRQn=true\:0\:0\:false\:false\:true\:true\:true
ProjectManager.LastFirmware=true
PC13-TAMPER-RTC.GPIO_Label=STATUS_LED
RCC.PLLMUL=RCC_PLL_MUL9
RCC.VCOOutput2Freq_Value=8000000
ProjectManager.FirmwarePackage=STM32Cube FW_F1 V1.8.3
MxDb.Version=DB.6.0.10
PB4.GPIO_Speed=GPIO_SPEED_FREQ_LOW
PB0.GPIOParameters=GPIO_Label
RCC.APB2Freq_Value=72000000
ProjectManager.BackupPrevious=false
MxCube.Version=6.1.1
PB4.GPIO_Label=LCD_LED
PC13-TAMPER-RTC.PinState=GPIO_PIN_RESET
PA14.Mode=Serial_Wire
PB7.GPIO_ModeDefaultOutputPP=GPIO_MODE_OUTPUT_PP
PB1.GPIO_Label=PWMPUMP
VP_ADC1_TempSens_Input.Signal=ADC1_TempSens_Input
File.Version=6
VP_SYS_VS_Systick.Mode=SysTick
PB8.PinState=GPIO_PIN_RESET
PB7.Signal=GPIO_Output
PB8.Locked=true
NVIC.NonMaskableInt_IRQn=true\:0\:0\:false\:false\:true\:true\:false
PB6.Locked=true
NVIC.PendSV_IRQn=true\:0\:0\:false\:false\:true\:true\:false
PC13-TAMPER-RTC.GPIO_Speed=GPIO_SPEED_FREQ_LOW
PA13.Mode=Serial_Wire
ProjectManager.FreePins=false
RCC.IPParameters=ADCFreqValue,ADCPresc,AHBFreq_Value,APB1CLKDivider,APB1Freq_Value,APB1TimFreq_Value,APB2Freq_Value,APB2TimFreq_Value,FCLKCortexFreq_Value,FamilyName,HCLKFreq_Value,MCOFreq_Value,PLLCLKFreq_Value,PLLMCOFreq_Value,PLLMUL,PLLSourceVirtual,SYSCLKFreq_VALUE,SYSCLKSource,TimSysFreq_Value,USBFreq_Value,VCOOutput2Freq_Value
ProjectManager.AskForMigrate=false
Mcu.Name=STM32F103C(8-B)Tx
PB6.GPIOParameters=GPIO_Speed,PinState,GPIO_PuPd,GPIO_Label,GPIO_ModeDefaultOutputPP
ProjectManager.HalAssertFull=false
PB0.Locked=true
ADC1.SamplingTime-0\#ChannelRegularConversion=ADC_SAMPLETIME_1CYCLE_5
ProjectManager.ProjectName=stm32f103-lcd-adc
ProjectManager.UnderRoot=false
PB7.PinState=GPIO_PIN_RESET
RCC.PLLMCOFreq_Value=36000000
ProjectManager.CoupleFile=true
PB4.Locked=true
PB7.GPIO_Label=LCD_DC
RCC.SYSCLKFreq_VALUE=72000000
PC13-TAMPER-RTC.GPIO_ModeDefaultOutputPP=GPIO_MODE_OUTPUT_PP
Mcu.Package=LQFP48
PB5.Signal=GPIO_Output
PB9.Signal=GPIO_Output
PB1.Signal=GPIO_Output
RCC.TimSysFreq_Value=72000000
ADC1.master=1
NVIC.ForceEnableDMAVector=true
KeepUserPlacement=false
PB5.GPIO_PuPd=GPIO_NOPULL
NVIC.MemoryManagement_IRQn=true\:0\:0\:false\:false\:true\:true\:false
PC13-TAMPER-RTC.GPIO_PuPd=GPIO_NOPULL
ProjectManager.CompilerOptimize=2
PB6.PinState=GPIO_PIN_RESET
PB9.PinState=GPIO_PIN_RESET
ProjectManager.ToolChainLocation=
PB6.GPIO_ModeDefaultOutputPP=GPIO_MODE_OUTPUT_PP
VP_SYS_VS_Systick.Signal=SYS_VS_Systick
PA14.Signal=SYS_JTCK-SWCLK
PB9.GPIO_PuPd=GPIO_NOPULL
ProjectManager.HeapSize=0x1000
Mcu.Pin15=VP_SYS_VS_Systick
NVIC.HardFault_IRQn=true\:0\:0\:false\:false\:true\:true\:false
PB8.GPIO_ModeDefaultOutputPP=GPIO_MODE_OUTPUT_PP
Mcu.Pin13=PB9
Mcu.Pin14=VP_ADC1_TempSens_Input
ProjectManager.ComputerToolchain=false
PB5.GPIO_Speed=GPIO_SPEED_FREQ_HIGH
NVIC.PriorityGroup=NVIC_PRIORITYGROUP_4
ADC1.NbrOfConversionFlag=1
Mcu.Pin11=PB7
PB9.GPIO_Speed=GPIO_SPEED_FREQ_LOW
PB5.GPIO_Label=LCD_SCK
Mcu.Pin12=PB8
Mcu.Pin10=PB6
PB7.Locked=true
RCC.APB1TimFreq_Value=72000000
PB8.Signal=GPIO_Output
NVIC.BusFault_IRQn=true\:0\:0\:false\:false\:true\:true\:false
PB6.GPIO_Speed=GPIO_SPEED_FREQ_HIGH
RCC.APB1Freq_Value=36000000
PB8.GPIO_Speed=GPIO_SPEED_FREQ_LOW
PB0.Signal=GPIO_Output
PB4.PinState=GPIO_PIN_RESET
ProjectManager.CustomerFirmwarePackage=
ProjectManager.DeviceId=STM32F103C8Tx
PC14-OSC32_IN.Locked=true
ProjectManager.LibraryCopy=1
PB4.Signal=GPIO_Output
PB4.GPIO_ModeDefaultOutputPP=GPIO_MODE_OUTPUT_PP
PB1.GPIOParameters=GPIO_Label
PB7.GPIO_Speed=GPIO_SPEED_FREQ_LOW
